
Microsoft Visual Studio Solution File, Format Version 12.00
# Visual Studio Version 16
VisualStudioVersion = 16.0.30621.155
MinimumVisualStudioVersion = 10.0.40219.1
Project("{FAE04EC0-301F-11D3-BF4B-00C04F79EFBC}") = "ArcadeMenu", "ArcadeMenu\ArcadeMenu.csproj", "{64118FE4-1EBD-416D-B0A7-396DE791D2DB}"
EndProject
Global
	GlobalSection(SolutionConfigurationPlatforms) = preSolution
		Debug|Any CPU = Debug|Any CPU
		Release|Any CPU = Release|Any CPU
	EndGlobalSection
	GlobalSection(ProjectConfigurationPlatforms) = postSolution
		{64118FE4-1EBD-416D-B0A7-396DE791D2DB}.Debug|Any CPU.ActiveCfg = Debug|Any CPU
		{64118FE4-1EBD-416D-B0A7-396DE791D2DB}.Debug|Any CPU.Build.0 = Debug|Any CPU
		{64118FE4-1EBD-416D-B0A7-396DE791D2DB}.Release|Any CPU.ActiveCfg = Release|Any CPU
		{64118FE4-1EBD-416D-B0A7-396DE791D2DB}.Release|Any CPU.Build.0 = Release|Any CPU
	EndGlobalSection
	GlobalSection(SolutionProperties) = preSolution
		HideSolutionNode = FALSE
	EndGlobalSection
	GlobalSection(ExtensibilityGlobals) = postSolution
		SolutionGuid = {DC54BB65-2476-4A0E-92D5-27B624220D2C}
	EndGlobalSection
EndGlobal
